
Microsoft Visual Studio Solution File, Format Version 12.00
# Visual Studio Version 16
VisualStudioVersion = 16.0.32106.194
MinimumVisualStudioVersion = 10.0.40219.1
Project("{9A19103F-16F7-4668-BE54-9A1E7A4F7556}") = "ExportFBData", "ExportFBData.csproj", "{3251FDEB-E291-4832-B775-2457438997BF}"
EndProject
Global
	GlobalSection(SolutionConfigurationPlatforms) = preSolution
		Debug|Any CPU = Debug|Any CPU
		Release|Any CPU = Release|Any CPU
	EndGlobalSection
	GlobalSection(ProjectConfigurationPlatforms) = postSolution
		{3251FDEB-E291-4832-B775-2457438997BF}.Debug|Any CPU.ActiveCfg = Debug|Any CPU
		{3251FDEB-E291-4832-B775-2457438997BF}.Debug|Any CPU.Build.0 = Debug|Any CPU
		{3251FDEB-E291-4832-B775-2457438997BF}.Release|Any CPU.ActiveCfg = Release|Any CPU
		{3251FDEB-E291-4832-B775-2457438997BF}.Release|Any CPU.Build.0 = Release|Any CPU
	EndGlobalSection
	GlobalSection(SolutionProperties) = preSolution
		HideSolutionNode = FALSE
	EndGlobalSection
	GlobalSection(ExtensibilityGlobals) = postSolution
		SolutionGuid = {D7988DDE-DBDF-49C2-BA56-D46E00E21BEB}
	EndGlobalSection
EndGlobal
