
Microsoft Visual Studio Solution File, Format Version 12.00
# Visual Studio Version 16
VisualStudioVersion = 16.0.32106.194
MinimumVisualStudioVersion = 10.0.40219.1
Project("{9A19103F-16F7-4668-BE54-9A1E7A4F7556}") = "FlatBufferTable", "FlatBufferTable.csproj", "{2ADB2181-5167-4D2B-BAC8-20596EE7B3BC}"
EndProject
Global
	GlobalSection(SolutionConfigurationPlatforms) = preSolution
		Debug|Any CPU = Debug|Any CPU
		Release|Any CPU = Release|Any CPU
	EndGlobalSection
	GlobalSection(ProjectConfigurationPlatforms) = postSolution
		{2ADB2181-5167-4D2B-BAC8-20596EE7B3BC}.Debug|Any CPU.ActiveCfg = Debug|Any CPU
		{2ADB2181-5167-4D2B-BAC8-20596EE7B3BC}.Debug|Any CPU.Build.0 = Debug|Any CPU
		{2ADB2181-5167-4D2B-BAC8-20596EE7B3BC}.Release|Any CPU.ActiveCfg = Release|Any CPU
		{2ADB2181-5167-4D2B-BAC8-20596EE7B3BC}.Release|Any CPU.Build.0 = Release|Any CPU
	EndGlobalSection
	GlobalSection(SolutionProperties) = preSolution
		HideSolutionNode = FALSE
	EndGlobalSection
	GlobalSection(ExtensibilityGlobals) = postSolution
		SolutionGuid = {7016C06A-E7D1-4505-B428-AD9E64DF3AB4}
	EndGlobalSection
EndGlobal
